
Microsoft Visual Studio Solution File, Format Version 12.00
# Visual Studio Version 17
VisualStudioVersion = 17.14.36221.1 d17.14
MinimumVisualStudioVersion = 10.0.40219.1
Project("{FAE04EC0-301F-11D3-BF4B-00C04F79EFBC}") = "Arrays", "Arrays\Arrays.csproj", "{6180603D-98A5-48AA-AC9E-1DCBFFD47FDC}"
EndProject
Global
	GlobalSection(SolutionConfigurationPlatforms) = preSolution
		Debug|Any CPU = Debug|Any CPU
		Release|Any CPU = Release|Any CPU
	EndGlobalSection
	GlobalSection(ProjectConfigurationPlatforms) = postSolution
		{6180603D-98A5-48AA-AC9E-1DCBFFD47FDC}.Debug|Any CPU.ActiveCfg = Debug|Any CPU
		{6180603D-98A5-48AA-AC9E-1DCBFFD47FDC}.Debug|Any CPU.Build.0 = Debug|Any CPU
		{6180603D-98A5-48AA-AC9E-1DCBFFD47FDC}.Release|Any CPU.ActiveCfg = Release|Any CPU
		{6180603D-98A5-48AA-AC9E-1DCBFFD47FDC}.Release|Any CPU.Build.0 = Release|Any CPU
	EndGlobalSection
	GlobalSection(SolutionProperties) = preSolution
		HideSolutionNode = FALSE
	EndGlobalSection
	GlobalSection(ExtensibilityGlobals) = postSolution
		SolutionGuid = {88384C12-CFC1-4C97-BA5C-782CEA84DFE9}
	EndGlobalSection
EndGlobal
